{
  "name": "azure",
  "version": "1.0.0",
  "lockfileVersion": 1,
  "requires": true,
  "dependencies": {
    "jquery": {
      "version": "3.2.1",
      "resolved": "https://registry.npmjs.org/jquery/-/jquery-3.2.1.tgz",
      "integrity": "sha1-XE2d5lKvbNCncBVKYxu6ErAVx4c="
    },
    "jquery-param": {
      "version": "0.2.0",
      "resolved": "https://registry.npmjs.org/jquery-param/-/jquery-param-0.2.0.tgz",
      "integrity": "sha1-VdqBMEKMUJgOtRZJHBt3zHjw3LE="
    }
  }
}
